// !$*UTF8*$!
{
	archiveVersion = 1;
	classes = {
	};
	objectVersion = 46;
	objects = {

/* Begin PBXContainerItemProxy section */
		835938741E5E4AF600C20996 /* PBXContainerItemProxy */ = {
			isa = PBXContainerItemProxy;
			containerPortal = 835938701E5E4AF500C20996 /* ParkingLotSimulator.xcodeproj */;
			proxyType = 2;
			remoteGlobalIDString = 835938661E5E4AF500C20996;
			remoteInfo = ParkingLotSimulator;
		};
		835938941E5E4C8300C20996 /* PBXContainerItemProxy */ = {
			isa = PBXContainerItemProxy;
			containerPortal = 835938901E5E4C8200C20996 /* MagicSquare.xcodeproj */;
			proxyType = 2;
			remoteGlobalIDString = 835938861E5E4C8200C20996;
			remoteInfo = MagicSquare;
		};
		835938AD1E5E4EF500C20996 /* PBXContainerItemProxy */ = {
			isa = PBXContainerItemProxy;
			containerPortal = 835938A91E5E4EF400C20996 /* EmployeeDatabase.xcodeproj */;
			proxyType = 2;
			remoteGlobalIDString = 8359389F1E5E4EF400C20996;
			remoteInfo = EmployeeDatabase;
		};
		835938C71E5E506900C20996 /* PBXContainerItemProxy */ = {
			isa = PBXContainerItemProxy;
			containerPortal = 835938C31E5E506800C20996 /* AirshipPolymorphism.xcodeproj */;
			proxyType = 2;
			remoteGlobalIDString = 835938B91E5E506800C20996;
			remoteInfo = AirshipPolymorphism;
		};
/* End PBXContainerItemProxy section */

/* Begin PBXCopyFilesBuildPhase section */
		83806EFC1E5E415B00EBDD66 /* CopyFiles */ = {
			isa = PBXCopyFilesBuildPhase;
			buildActionMask = 2147483647;
			dstPath = /usr/share/man/man1/;
			dstSubfolderSpec = 0;
			files = (
			);
			runOnlyForDeploymentPostprocessing = 1;
		};
/* End PBXCopyFilesBuildPhase section */

/* Begin PBXFileReference section */
		835938701E5E4AF500C20996 /* ParkingLotSimulator.xcodeproj */ = {isa = PBXFileReference; lastKnownFileType = "wrapper.pb-project"; name = ParkingLotSimulator.xcodeproj; path = ParkingLotSimulator/ParkingLotSimulator.xcodeproj; sourceTree = "<group>"; };
		835938901E5E4C8200C20996 /* MagicSquare.xcodeproj */ = {isa = PBXFileReference; lastKnownFileType = "wrapper.pb-project"; name = MagicSquare.xcodeproj; path = MagicSquare/MagicSquare.xcodeproj; sourceTree = "<group>"; };
		835938A91E5E4EF400C20996 /* EmployeeDatabase.xcodeproj */ = {isa = PBXFileReference; lastKnownFileType = "wrapper.pb-project"; name = EmployeeDatabase.xcodeproj; path = EmployeeDatabase/EmployeeDatabase.xcodeproj; sourceTree = "<group>"; };
		835938C31E5E506800C20996 /* AirshipPolymorphism.xcodeproj */ = {isa = PBXFileReference; lastKnownFileType = "wrapper.pb-project"; name = AirshipPolymorphism.xcodeproj; path = AirshipPolymorphism/AirshipPolymorphism.xcodeproj; sourceTree = "<group>"; };
		83806EFE1E5E415B00EBDD66 /* CPP_code_review */ = {isa = PBXFileReference; explicitFileType = "compiled.mach-o.executable"; includeInIndex = 0; name = CPP_code_review; path = /Users/cherylestacio/Development/CPP_code_review/build/Debug/CPP_code_review; sourceTree = "<absolute>"; };
/* End PBXFileReference section */

/* Begin PBXFrameworksBuildPhase section */
		83806EFB1E5E415B00EBDD66 /* Frameworks */ = {
			isa = PBXFrameworksBuildPhase;
			buildActionMask = 2147483647;
			files = (
			);
			runOnlyForDeploymentPostprocessing = 0;
		};
/* End PBXFrameworksBuildPhase section */

/* Begin PBXGroup section */
		835938711E5E4AF500C20996 /* Products */ = {
			isa = PBXGroup;
			children = (
				835938751E5E4AF600C20996 /* ParkingLotSimulator */,
			);
			name = Products;
			sourceTree = "<group>";
		};
		835938911E5E4C8200C20996 /* Products */ = {
			isa = PBXGroup;
			children = (
				835938951E5E4C8300C20996 /* MagicSquare */,
			);
			name = Products;
			sourceTree = "<group>";
		};
		835938AA1E5E4EF400C20996 /* Products */ = {
			isa = PBXGroup;
			children = (
				835938AE1E5E4EF500C20996 /* EmployeeDatabase */,
			);
			name = Products;
			sourceTree = "<group>";
		};
		835938C41E5E506800C20996 /* Products */ = {
			isa = PBXGroup;
			children = (
				835938C81E5E506900C20996 /* AirshipPolymorphism */,
			);
			name = Products;
			sourceTree = "<group>";
		};
		83806EF51E5E415B00EBDD66 = {
			isa = PBXGroup;
			children = (
				835938C31E5E506800C20996 /* AirshipPolymorphism.xcodeproj */,
				835938A91E5E4EF400C20996 /* EmployeeDatabase.xcodeproj */,
				835938901E5E4C8200C20996 /* MagicSquare.xcodeproj */,
				835938701E5E4AF500C20996 /* ParkingLotSimulator.xcodeproj */,
			);
			sourceTree = "<group>";
		};
/* End PBXGroup section */

/* Begin PBXNativeTarget section */
		83806EFD1E5E415B00EBDD66 /* CPP_code_review */ = {
			isa = PBXNativeTarget;
			buildConfigurationList = 83806F051E5E415B00EBDD66 /* Build configuration list for PBXNativeTarget "CPP_code_review" */;
			buildPhases = (
				83806EFA1E5E415B00EBDD66 /* Sources */,
				83806EFB1E5E415B00EBDD66 /* Frameworks */,
				83806EFC1E5E415B00EBDD66 /* CopyFiles */,
			);
			buildRules = (
			);
			dependencies = (
			);
			name = CPP_code_review;
			productName = CPP_code_review;
			productReference = 83806EFE1E5E415B00EBDD66 /* CPP_code_review */;
			productType = "com.apple.product-type.tool";
		};
/* End PBXNativeTarget section */

/* Begin PBXProject section */
		83806EF61E5E415B00EBDD66 /* Project object */ = {
			isa = PBXProject;
			attributes = {
				LastUpgradeCheck = 0820;
				ORGANIZATIONNAME = "Cheryl Estacio";
				TargetAttributes = {
					83806EFD1E5E415B00EBDD66 = {
						CreatedOnToolsVersion = 8.2.1;
						ProvisioningStyle = Automatic;
					};
				};
			};
			buildConfigurationList = 83806EF91E5E415B00EBDD66 /* Build configuration list for PBXProject "CPP_code_review" */;
			compatibilityVersion = "Xcode 3.2";
			developmentRegion = English;
			hasScannedForEncodings = 0;
			knownRegions = (
				en,
			);
			mainGroup = 83806EF51E5E415B00EBDD66;
			productRefGroup = 83806EF51E5E415B00EBDD66;
			projectDirPath = "";
			projectReferences = (
				{
					ProductGroup = 835938C41E5E506800C20996 /* Products */;
					ProjectRef = 835938C31E5E506800C20996 /* AirshipPolymorphism.xcodeproj */;
				},
				{
					ProductGroup = 835938AA1E5E4EF400C20996 /* Products */;
					ProjectRef = 835938A91E5E4EF400C20996 /* EmployeeDatabase.xcodeproj */;
				},
				{
					ProductGroup = 835938911E5E4C8200C20996 /* Products */;
					ProjectRef = 835938901E5E4C8200C20996 /* MagicSquare.xcodeproj */;
				},
				{
					ProductGroup = 835938711E5E4AF500C20996 /* Products */;
					ProjectRef = 835938701E5E4AF500C20996 /* ParkingLotSimulator.xcodeproj */;
				},
			);
			projectRoot = "";
			targets = (
				83806EFD1E5E415B00EBDD66 /* CPP_code_review */,
			);
		};
/* End PBXProject section */

/* Begin PBXReferenceProxy section */
		835938751E5E4AF600C20996 /* ParkingLotSimulator */ = {
			isa = PBXReferenceProxy;
			fileType = "compiled.mach-o.executable";
			path = ParkingLotSimulator;
			remoteRef = 835938741E5E4AF600C20996 /* PBXContainerItemProxy */;
			sourceTree = BUILT_PRODUCTS_DIR;
		};
		835938951E5E4C8300C20996 /* MagicSquare */ = {
			isa = PBXReferenceProxy;
			fileType = "compiled.mach-o.executable";
			path = MagicSquare;
			remoteRef = 835938941E5E4C8300C20996 /* PBXContainerItemProxy */;
			sourceTree = BUILT_PRODUCTS_DIR;
		};
		835938AE1E5E4EF500C20996 /* EmployeeDatabase */ = {
			isa = PBXReferenceProxy;
			fileType = "compiled.mach-o.executable";
			path = EmployeeDatabase;
			remoteRef = 835938AD1E5E4EF500C20996 /* PBXContainerItemProxy */;
			sourceTree = BUILT_PRODUCTS_DIR;
		};
		835938C81E5E506900C20996 /* AirshipPolymorphism */ = {
			isa = PBXReferenceProxy;
			fileType = "compiled.mach-o.executable";
			path = AirshipPolymorphism;
			remoteRef = 835938C71E5E506900C20996 /* PBXContainerItemProxy */;
			sourceTree = BUILT_PRODUCTS_DIR;
		};
/* End PBXReferenceProxy section */

/* Begin PBXSourcesBuildPhase section */
		83806EFA1E5E415B00EBDD66 /* Sources */ = {
			isa = PBXSourcesBuildPhase;
			buildActionMask = 2147483647;
			files = (
			);
			runOnlyForDeploymentPostprocessing = 0;
		};
/* End PBXSourcesBuildPhase section */

/* Begin XCBuildConfiguration section */
		83806F031E5E415B00EBDD66 /* Debug */ = {
			isa = XCBuildConfiguration;
			buildSettings = {
				ALWAYS_SEARCH_USER_PATHS = NO;
				CLANG_ANALYZER_NONNULL = YES;
				CLANG_CXX_LANGUAGE_STANDARD = "gnu++0x";
				CLANG_CXX_LIBRARY = "libc++";
				CLANG_ENABLE_MODULES = YES;
				CLANG_ENABLE_OBJC_ARC = YES;
				CLANG_WARN_BOOL_CONVERSION = YES;
				CLANG_WARN_CONSTANT_CONVERSION = YES;
				CLANG_WARN_DIRECT_OBJC_ISA_USAGE = YES_ERROR;
				CLANG_WARN_DOCUMENTATION_COMMENTS = YES;
				CLANG_WARN_EMPTY_BODY = YES;
				CLANG_WARN_ENUM_CONVERSION = YES;
				CLANG_WARN_INFINITE_RECURSION = YES;
				CLANG_WARN_INT_CONVERSION = YES;
				CLANG_WARN_OBJC_ROOT_CLASS = YES_ERROR;
				CLANG_WARN_SUSPICIOUS_MOVE = YES;
				CLANG_WARN_UNREACHABLE_CODE = YES;
				CLANG_WARN__DUPLICATE_METHOD_MATCH = YES;
				CODE_SIGN_IDENTITY = "-";
				COPY_PHASE_STRIP = NO;
				DEBUG_INFORMATION_FORMAT = dwarf;
				ENABLE_STRICT_OBJC_MSGSEND = YES;
				ENABLE_TESTABILITY = YES;
				GCC_C_LANGUAGE_STANDARD = gnu99;
				GCC_DYNAMIC_NO_PIC = NO;
				GCC_NO_COMMON_BLOCKS = YES;
				GCC_OPTIMIZATION_LEVEL = 0;
				GCC_PREPROCESSOR_DEFINITIONS = (
					"DEBUG=1",
					"$(inherited)",
				);
				GCC_WARN_64_TO_32_BIT_CONVERSION = YES;
				GCC_WARN_ABOUT_RETURN_TYPE = YES_ERROR;
				GCC_WARN_UNDECLARED_SELECTOR = YES;
				GCC_WARN_UNINITIALIZED_AUTOS = YES_AGGRESSIVE;
				GCC_WARN_UNUSED_FUNCTION = YES;
				GCC_WARN_UNUSED_VARIABLE = YES;
				MACOSX_DEPLOYMENT_TARGET = 10.12;
				MTL_ENABLE_DEBUG_INFO = YES;
				ONLY_ACTIVE_ARCH = YES;
				SDKROOT = macosx;
			};
			name = Debug;
		};
		83806F041E5E415B00EBDD66 /* Release */ = {
			isa = XCBuildConfiguration;
			buildSettings = {
				ALWAYS_SEARCH_USER_PATHS = NO;
				CLANG_ANALYZER_NONNULL = YES;
				CLANG_CXX_LANGUAGE_STANDARD = "gnu++0x";
				CLANG_CXX_LIBRARY = "libc++";
				CLANG_ENABLE_MODULES = YES;
				CLANG_ENABLE_OBJC_ARC = YES;
				CLANG_WARN_BOOL_CONVERSION = YES;
				CLANG_WARN_CONSTANT_CONVERSION = YES;
				CLANG_WARN_DIRECT_OBJC_ISA_USAGE = YES_ERROR;
				CLANG_WARN_DOCUMENTATION_COMMENTS = YES;
				CLANG_WARN_EMPTY_BODY = YES;
				CLANG_WARN_ENUM_CONVERSION = YES;
				CLANG_WARN_INFINITE_RECURSION = YES;
				CLANG_WARN_INT_CONVERSION = YES;
				CLANG_WARN_OBJC_ROOT_CLASS = YES_ERROR;
				CLANG_WARN_SUSPICIOUS_MOVE = YES;
				CLANG_WARN_UNREACHABLE_CODE = YES;
				CLANG_WARN__DUPLICATE_METHOD_MATCH = YES;
				CODE_SIGN_IDENTITY = "-";
				COPY_PHASE_STRIP = NO;
				DEBUG_INFORMATION_FORMAT = "dwarf-with-dsym";
				ENABLE_NS_ASSERTIONS = NO;
				ENABLE_STRICT_OBJC_MSGSEND = YES;
				GCC_C_LANGUAGE_STANDARD = gnu99;
				GCC_NO_COMMON_BLOCKS = YES;
				GCC_WARN_64_TO_32_BIT_CONVERSION = YES;
				GCC_WARN_ABOUT_RETURN_TYPE = YES_ERROR;
				GCC_WARN_UNDECLARED_SELECTOR = YES;
				GCC_WARN_UNINITIALIZED_AUTOS = YES_AGGRESSIVE;
				GCC_WARN_UNUSED_FUNCTION = YES;
				GCC_WARN_UNUSED_VARIABLE = YES;
				MACOSX_DEPLOYMENT_TARGET = 10.12;
				MTL_ENABLE_DEBUG_INFO = NO;
				SDKROOT = macosx;
			};
			name = Release;
		};
		83806F061E5E415B00EBDD66 /* Debug */ = {
			isa = XCBuildConfiguration;
			buildSettings = {
				PRODUCT_NAME = "$(TARGET_NAME)";
			};
			name = Debug;
		};
		83806F071E5E415B00EBDD66 /* Release */ = {
			isa = XCBuildConfiguration;
			buildSettings = {
				PRODUCT_NAME = "$(TARGET_NAME)";
			};
			name = Release;
		};
/* End XCBuildConfiguration section */

/* Begin XCConfigurationList section */
		83806EF91E5E415B00EBDD66 /* Build configuration list for PBXProject "CPP_code_review" */ = {
			isa = XCConfigurationList;
			buildConfigurations = (
				83806F031E5E415B00EBDD66 /* Debug */,
				83806F041E5E415B00EBDD66 /* Release */,
			);
			defaultConfigurationIsVisible = 0;
			defaultConfigurationName = Release;
		};
		83806F051E5E415B00EBDD66 /* Build configuration list for PBXNativeTarget "CPP_code_review" */ = {
			isa = XCConfigurationList;
			buildConfigurations = (
				83806F061E5E415B00EBDD66 /* Debug */,
				83806F071E5E415B00EBDD66 /* Release */,
			);
			defaultConfigurationIsVisible = 0;
			defaultConfigurationName = Release;
		};
/* End XCConfigurationList section */
	};
	rootObject = 83806EF61E5E415B00EBDD66 /* Project object */;
}
